
Microsoft Visual Studio Solution File, Format Version 12.00
# Visual Studio 14
VisualStudioVersion = 14.0.25420.1
MinimumVisualStudioVersion = 10.0.40219.1
Project("{FAE04EC0-301F-11D3-BF4B-00C04F79EFBC}") = "SegmentedControlXF.Android", "SegmentedControlXF\SegmentedControlXF.Android\SegmentedControlXF.Android.csproj", "{93A02FB2-8B0F-4C8B-B7D1-6B7E59E91084}"
EndProject
Project("{FAE04EC0-301F-11D3-BF4B-00C04F79EFBC}") = "SegmentedControlXF", "SegmentedControlXF\SegmentedControlXF\SegmentedControlXF.csproj", "{8B82287D-49F8-4D9A-8571-C8FC44B3CC7D}"
EndProject
Project("{FAE04EC0-301F-11D3-BF4B-00C04F79EFBC}") = "SegmentedControlXF.iOS", "SegmentedControlXF\SegmentedControlXF.iOS\SegmentedControlXF.iOS.csproj", "{3D3C8BF1-E20C-4387-B6B5-D5496E7BE3E9}"
EndProject
Global
	GlobalSection(SolutionConfigurationPlatforms) = preSolution
		Ad-Hoc|Any CPU = Ad-Hoc|Any CPU
		Ad-Hoc|iPhone = Ad-Hoc|iPhone
		Ad-Hoc|iPhoneSimulator = Ad-Hoc|iPhoneSimulator
		AppStore|Any CPU = AppStore|Any CPU
		AppStore|iPhone = AppStore|iPhone
		AppStore|iPhoneSimulator = AppStore|iPhoneSimulator
		Debug|Any CPU = Debug|Any CPU
		Debug|iPhone = Debug|iPhone
		Debug|iPhoneSimulator = Debug|iPhoneSimulator
		Release|Any CPU = Release|Any CPU
		Release|iPhone = Release|iPhone
		Release|iPhoneSimulator = Release|iPhoneSimulator
	EndGlobalSection
	GlobalSection(ProjectConfigurationPlatforms) = postSolution
		{93A02FB2-8B0F-4C8B-B7D1-6B7E59E91084}.Ad-Hoc|Any CPU.ActiveCfg = Release|Any CPU
		{93A02FB2-8B0F-4C8B-B7D1-6B7E59E91084}.Ad-Hoc|Any CPU.Build.0 = Release|Any CPU
		{93A02FB2-8B0F-4C8B-B7D1-6B7E59E91084}.Ad-Hoc|Any CPU.Deploy.0 = Release|Any CPU
		{93A02FB2-8B0F-4C8B-B7D1-6B7E59E91084}.Ad-Hoc|iPhone.ActiveCfg = Release|Any CPU
		{93A02FB2-8B0F-4C8B-B7D1-6B7E59E91084}.Ad-Hoc|iPhone.Build.0 = Release|Any CPU
		{93A02FB2-8B0F-4C8B-B7D1-6B7E59E91084}.Ad-Hoc|iPhone.Deploy.0 = Release|Any CPU
		{93A02FB2-8B0F-4C8B-B7D1-6B7E59E91084}.Ad-Hoc|iPhoneSimulator.ActiveCfg = Release|Any CPU
		{93A02FB2-8B0F-4C8B-B7D1-6B7E59E91084}.Ad-Hoc|iPhoneSimulator.Build.0 = Release|Any CPU
		{93A02FB2-8B0F-4C8B-B7D1-6B7E59E91084}.Ad-Hoc|iPhoneSimulator.Deploy.0 = Release|Any CPU
		{93A02FB2-8B0F-4C8B-B7D1-6B7E59E91084}.AppStore|Any CPU.ActiveCfg = Release|Any CPU
		{93A02FB2-8B0F-4C8B-B7D1-6B7E59E91084}.AppStore|Any CPU.Build.0 = Release|Any CPU
		{93A02FB2-8B0F-4C8B-B7D1-6B7E59E91084}.AppStore|Any CPU.Deploy.0 = Release|Any CPU
		{93A02FB2-8B0F-4C8B-B7D1-6B7E59E91084}.AppStore|iPhone.ActiveCfg = Release|Any CPU
		{93A02FB2-8B0F-4C8B-B7D1-6B7E59E91084}.AppStore|iPhone.Build.0 = Release|Any CPU
		{93A02FB2-8B0F-4C8B-B7D1-6B7E59E91084}.AppStore|iPhone.Deploy.0 = Release|Any CPU
		{93A02FB2-8B0F-4C8B-B7D1-6B7E59E91084}.AppStore|iPhoneSimulator.ActiveCfg = Release|Any CPU
		{93A02FB2-8B0F-4C8B-B7D1-6B7E59E91084}.AppStore|iPhoneSimulator.Build.0 = Release|Any CPU
		{93A02FB2-8B0F-4C8B-B7D1-6B7E59E91084}.AppStore|iPhoneSimulator.Deploy.0 = Release|Any CPU
		{93A02FB2-8B0F-4C8B-B7D1-6B7E59E91084}.Debug|Any CPU.ActiveCfg = Debug|Any CPU
		{93A02FB2-8B0F-4C8B-B7D1-6B7E59E91084}.Debug|Any CPU.Build.0 = Debug|Any CPU
		{93A02FB2-8B0F-4C8B-B7D1-6B7E59E91084}.Debug|Any CPU.Deploy.0 = Debug|Any CPU
		{93A02FB2-8B0F-4C8B-B7D1-6B7E59E91084}.Debug|iPhone.ActiveCfg = Debug|Any CPU
		{93A02FB2-8B0F-4C8B-B7D1-6B7E59E91084}.Debug|iPhone.Build.0 = Debug|Any CPU
		{93A02FB2-8B0F-4C8B-B7D1-6B7E59E91084}.Debug|iPhone.Deploy.0 = Debug|Any CPU
		{93A02FB2-8B0F-4C8B-B7D1-6B7E59E91084}.Debug|iPhoneSimulator.ActiveCfg = Debug|Any CPU
		{93A02FB2-8B0F-4C8B-B7D1-6B7E59E91084}.Debug|iPhoneSimulator.Build.0 = Debug|Any CPU
		{93A02FB2-8B0F-4C8B-B7D1-6B7E59E91084}.Debug|iPhoneSimulator.Deploy.0 = Debug|Any CPU
		{93A02FB2-8B0F-4C8B-B7D1-6B7E59E91084}.Release|Any CPU.ActiveCfg = Release|Any CPU
		{93A02FB2-8B0F-4C8B-B7D1-6B7E59E91084}.Release|Any CPU.Build.0 = Release|Any CPU
		{93A02FB2-8B0F-4C8B-B7D1-6B7E59E91084}.Release|Any CPU.Deploy.0 = Release|Any CPU
		{93A02FB2-8B0F-4C8B-B7D1-6B7E59E91084}.Release|iPhone.ActiveCfg = Release|Any CPU
		{93A02FB2-8B0F-4C8B-B7D1-6B7E59E91084}.Release|iPhone.Build.0 = Release|Any CPU
		{93A02FB2-8B0F-4C8B-B7D1-6B7E59E91084}.Release|iPhone.Deploy.0 = Release|Any CPU
		{93A02FB2-8B0F-4C8B-B7D1-6B7E59E91084}.Release|iPhoneSimulator.ActiveCfg = Release|Any CPU
		{93A02FB2-8B0F-4C8B-B7D1-6B7E59E91084}.Release|iPhoneSimulator.Build.0 = Release|Any CPU
		{93A02FB2-8B0F-4C8B-B7D1-6B7E59E91084}.Release|iPhoneSimulator.Deploy.0 = Release|Any CPU
		{8B82287D-49F8-4D9A-8571-C8FC44B3CC7D}.Ad-Hoc|Any CPU.ActiveCfg = Release|Any CPU
		{8B82287D-49F8-4D9A-8571-C8FC44B3CC7D}.Ad-Hoc|Any CPU.Build.0 = Release|Any CPU
		{8B82287D-49F8-4D9A-8571-C8FC44B3CC7D}.Ad-Hoc|Any CPU.Deploy.0 = Release|Any CPU
		{8B82287D-49F8-4D9A-8571-C8FC44B3CC7D}.Ad-Hoc|iPhone.ActiveCfg = Release|Any CPU
		{8B82287D-49F8-4D9A-8571-C8FC44B3CC7D}.Ad-Hoc|iPhone.Build.0 = Release|Any CPU
		{8B82287D-49F8-4D9A-8571-C8FC44B3CC7D}.Ad-Hoc|iPhone.Deploy.0 = Release|Any CPU
		{8B82287D-49F8-4D9A-8571-C8FC44B3CC7D}.Ad-Hoc|iPhoneSimulator.ActiveCfg = Release|Any CPU
		{8B82287D-49F8-4D9A-8571-C8FC44B3CC7D}.Ad-Hoc|iPhoneSimulator.Build.0 = Release|Any CPU
		{8B82287D-49F8-4D9A-8571-C8FC44B3CC7D}.Ad-Hoc|iPhoneSimulator.Deploy.0 = Release|Any CPU
		{8B82287D-49F8-4D9A-8571-C8FC44B3CC7D}.AppStore|Any CPU.ActiveCfg = Release|Any CPU
		{8B82287D-49F8-4D9A-8571-C8FC44B3CC7D}.AppStore|Any CPU.Build.0 = Release|Any CPU
		{8B82287D-49F8-4D9A-8571-C8FC44B3CC7D}.AppStore|Any CPU.Deploy.0 = Release|Any CPU
		{8B82287D-49F8-4D9A-8571-C8FC44B3CC7D}.AppStore|iPhone.ActiveCfg = Release|Any CPU
		{8B82287D-49F8-4D9A-8571-C8FC44B3CC7D}.AppStore|iPhone.Build.0 = Release|Any CPU
		{8B82287D-49F8-4D9A-8571-C8FC44B3CC7D}.AppStore|iPhone.Deploy.0 = Release|Any CPU
		{8B82287D-49F8-4D9A-8571-C8FC44B3CC7D}.AppStore|iPhoneSimulator.ActiveCfg = Release|Any CPU
		{8B82287D-49F8-4D9A-8571-C8FC44B3CC7D}.AppStore|iPhoneSimulator.Build.0 = Release|Any CPU
		{8B82287D-49F8-4D9A-8571-C8FC44B3CC7D}.AppStore|iPhoneSimulator.Deploy.0 = Release|Any CPU
		{8B82287D-49F8-4D9A-8571-C8FC44B3CC7D}.Debug|Any CPU.ActiveCfg = Debug|Any CPU
		{8B82287D-49F8-4D9A-8571-C8FC44B3CC7D}.Debug|Any CPU.Build.0 = Debug|Any CPU
		{8B82287D-49F8-4D9A-8571-C8FC44B3CC7D}.Debug|Any CPU.Deploy.0 = Debug|Any CPU
		{8B82287D-49F8-4D9A-8571-C8FC44B3CC7D}.Debug|iPhone.ActiveCfg = Debug|Any CPU
		{8B82287D-49F8-4D9A-8571-C8FC44B3CC7D}.Debug|iPhone.Build.0 = Debug|Any CPU
		{8B82287D-49F8-4D9A-8571-C8FC44B3CC7D}.Debug|iPhone.Deploy.0 = Debug|Any CPU
		{8B82287D-49F8-4D9A-8571-C8FC44B3CC7D}.Debug|iPhoneSimulator.ActiveCfg = Debug|Any CPU
		{8B82287D-49F8-4D9A-8571-C8FC44B3CC7D}.Debug|iPhoneSimulator.Build.0 = Debug|Any CPU
		{8B82287D-49F8-4D9A-8571-C8FC44B3CC7D}.Debug|iPhoneSimulator.Deploy.0 = Debug|Any CPU
		{8B82287D-49F8-4D9A-8571-C8FC44B3CC7D}.Release|Any CPU.ActiveCfg = Release|Any CPU
		{8B82287D-49F8-4D9A-8571-C8FC44B3CC7D}.Release|Any CPU.Build.0 = Release|Any CPU
		{8B82287D-49F8-4D9A-8571-C8FC44B3CC7D}.Release|Any CPU.Deploy.0 = Release|Any CPU
		{8B82287D-49F8-4D9A-8571-C8FC44B3CC7D}.Release|iPhone.ActiveCfg = Release|Any CPU
		{8B82287D-49F8-4D9A-8571-C8FC44B3CC7D}.Release|iPhone.Build.0 = Release|Any CPU
		{8B82287D-49F8-4D9A-8571-C8FC44B3CC7D}.Release|iPhone.Deploy.0 = Release|Any CPU
		{8B82287D-49F8-4D9A-8571-C8FC44B3CC7D}.Release|iPhoneSimulator.ActiveCfg = Release|Any CPU
		{8B82287D-49F8-4D9A-8571-C8FC44B3CC7D}.Release|iPhoneSimulator.Build.0 = Release|Any CPU
		{8B82287D-49F8-4D9A-8571-C8FC44B3CC7D}.Release|iPhoneSimulator.Deploy.0 = Release|Any CPU
		{3D3C8BF1-E20C-4387-B6B5-D5496E7BE3E9}.Ad-Hoc|Any CPU.ActiveCfg = Ad-Hoc|iPhone
		{3D3C8BF1-E20C-4387-B6B5-D5496E7BE3E9}.Ad-Hoc|Any CPU.Build.0 = Ad-Hoc|iPhone
		{3D3C8BF1-E20C-4387-B6B5-D5496E7BE3E9}.Ad-Hoc|Any CPU.Deploy.0 = Ad-Hoc|iPhone
		{3D3C8BF1-E20C-4387-B6B5-D5496E7BE3E9}.Ad-Hoc|iPhone.ActiveCfg = Ad-Hoc|iPhone
		{3D3C8BF1-E20C-4387-B6B5-D5496E7BE3E9}.Ad-Hoc|iPhone.Build.0 = Ad-Hoc|iPhone
		{3D3C8BF1-E20C-4387-B6B5-D5496E7BE3E9}.Ad-Hoc|iPhone.Deploy.0 = Ad-Hoc|iPhone
		{3D3C8BF1-E20C-4387-B6B5-D5496E7BE3E9}.Ad-Hoc|iPhoneSimulator.ActiveCfg = Ad-Hoc|iPhoneSimulator
		{3D3C8BF1-E20C-4387-B6B5-D5496E7BE3E9}.Ad-Hoc|iPhoneSimulator.Build.0 = Ad-Hoc|iPhoneSimulator
		{3D3C8BF1-E20C-4387-B6B5-D5496E7BE3E9}.Ad-Hoc|iPhoneSimulator.Deploy.0 = Ad-Hoc|iPhoneSimulator
		{3D3C8BF1-E20C-4387-B6B5-D5496E7BE3E9}.AppStore|Any CPU.ActiveCfg = AppStore|iPhone
		{3D3C8BF1-E20C-4387-B6B5-D5496E7BE3E9}.AppStore|Any CPU.Build.0 = AppStore|iPhone
		{3D3C8BF1-E20C-4387-B6B5-D5496E7BE3E9}.AppStore|Any CPU.Deploy.0 = AppStore|iPhone
		{3D3C8BF1-E20C-4387-B6B5-D5496E7BE3E9}.AppStore|iPhone.ActiveCfg = AppStore|iPhone
		{3D3C8BF1-E20C-4387-B6B5-D5496E7BE3E9}.AppStore|iPhone.Build.0 = AppStore|iPhone
		{3D3C8BF1-E20C-4387-B6B5-D5496E7BE3E9}.AppStore|iPhone.Deploy.0 = AppStore|iPhone
		{3D3C8BF1-E20C-4387-B6B5-D5496E7BE3E9}.AppStore|iPhoneSimulator.ActiveCfg = AppStore|iPhoneSimulator
		{3D3C8BF1-E20C-4387-B6B5-D5496E7BE3E9}.AppStore|iPhoneSimulator.Build.0 = AppStore|iPhoneSimulator
		{3D3C8BF1-E20C-4387-B6B5-D5496E7BE3E9}.AppStore|iPhoneSimulator.Deploy.0 = AppStore|iPhoneSimulator
		{3D3C8BF1-E20C-4387-B6B5-D5496E7BE3E9}.Debug|Any CPU.ActiveCfg = Debug|iPhoneSimulator
		{3D3C8BF1-E20C-4387-B6B5-D5496E7BE3E9}.Debug|Any CPU.Build.0 = Debug|iPhoneSimulator
		{3D3C8BF1-E20C-4387-B6B5-D5496E7BE3E9}.Debug|Any CPU.Deploy.0 = Debug|iPhoneSimulator
		{3D3C8BF1-E20C-4387-B6B5-D5496E7BE3E9}.Debug|iPhone.ActiveCfg = Debug|iPhone
		{3D3C8BF1-E20C-4387-B6B5-D5496E7BE3E9}.Debug|iPhone.Build.0 = Debug|iPhone
		{3D3C8BF1-E20C-4387-B6B5-D5496E7BE3E9}.Debug|iPhone.Deploy.0 = Debug|iPhone
		{3D3C8BF1-E20C-4387-B6B5-D5496E7BE3E9}.Debug|iPhoneSimulator.ActiveCfg = Debug|iPhoneSimulator
		{3D3C8BF1-E20C-4387-B6B5-D5496E7BE3E9}.Debug|iPhoneSimulator.Build.0 = Debug|iPhoneSimulator
		{3D3C8BF1-E20C-4387-B6B5-D5496E7BE3E9}.Debug|iPhoneSimulator.Deploy.0 = Debug|iPhoneSimulator
		{3D3C8BF1-E20C-4387-B6B5-D5496E7BE3E9}.Release|Any CPU.ActiveCfg = Release|iPhone
		{3D3C8BF1-E20C-4387-B6B5-D5496E7BE3E9}.Release|Any CPU.Build.0 = Release|iPhone
		{3D3C8BF1-E20C-4387-B6B5-D5496E7BE3E9}.Release|Any CPU.Deploy.0 = Release|iPhone
		{3D3C8BF1-E20C-4387-B6B5-D5496E7BE3E9}.Release|iPhone.ActiveCfg = Release|iPhone
		{3D3C8BF1-E20C-4387-B6B5-D5496E7BE3E9}.Release|iPhone.Build.0 = Release|iPhone
		{3D3C8BF1-E20C-4387-B6B5-D5496E7BE3E9}.Release|iPhone.Deploy.0 = Release|iPhone
		{3D3C8BF1-E20C-4387-B6B5-D5496E7BE3E9}.Release|iPhoneSimulator.ActiveCfg = Release|iPhoneSimulator
		{3D3C8BF1-E20C-4387-B6B5-D5496E7BE3E9}.Release|iPhoneSimulator.Build.0 = Release|iPhoneSimulator
		{3D3C8BF1-E20C-4387-B6B5-D5496E7BE3E9}.Release|iPhoneSimulator.Deploy.0 = Release|iPhoneSimulator
	EndGlobalSection
	GlobalSection(SolutionProperties) = preSolution
		HideSolutionNode = FALSE
	EndGlobalSection
EndGlobal
